
Microsoft Visual Studio Solution File, Format Version 12.00
# Visual Studio 2015
Project("{FAE04EC0-301F-11D3-BF4B-00C04F79EFBC}") = "PlayMaker FlappyBird_Unity 2017.3.0", "PlayMaker FlappyBird_Unity 2017.3.0.csproj", "{0FDCC5E2-9E32-9F13-6EAA-EDCDA9FFF23D}"
EndProject
Project("{FAE04EC0-301F-11D3-BF4B-00C04F79EFBC}") = "PlayMaker FlappyBird_Unity 2017.3.0.Editor", "PlayMaker FlappyBird_Unity 2017.3.0.Editor.csproj", "{894576BB-981F-E3C0-6A01-9A25CB52185A}"
EndProject
Global
	GlobalSection(SolutionConfigurationPlatforms) = preSolution
		Debug|Any CPU = Debug|Any CPU
		Release|Any CPU = Release|Any CPU
	EndGlobalSection
	GlobalSection(ProjectConfigurationPlatforms) = postSolution
		{0FDCC5E2-9E32-9F13-6EAA-EDCDA9FFF23D}.Debug|Any CPU.ActiveCfg = Debug|Any CPU
		{0FDCC5E2-9E32-9F13-6EAA-EDCDA9FFF23D}.Debug|Any CPU.Build.0 = Debug|Any CPU
		{0FDCC5E2-9E32-9F13-6EAA-EDCDA9FFF23D}.Release|Any CPU.ActiveCfg = Release|Any CPU
		{0FDCC5E2-9E32-9F13-6EAA-EDCDA9FFF23D}.Release|Any CPU.Build.0 = Release|Any CPU
		{894576BB-981F-E3C0-6A01-9A25CB52185A}.Debug|Any CPU.ActiveCfg = Debug|Any CPU
		{894576BB-981F-E3C0-6A01-9A25CB52185A}.Debug|Any CPU.Build.0 = Debug|Any CPU
		{894576BB-981F-E3C0-6A01-9A25CB52185A}.Release|Any CPU.ActiveCfg = Release|Any CPU
		{894576BB-981F-E3C0-6A01-9A25CB52185A}.Release|Any CPU.Build.0 = Release|Any CPU
	EndGlobalSection
	GlobalSection(SolutionProperties) = preSolution
		HideSolutionNode = FALSE
	EndGlobalSection
EndGlobal
